
Microsoft Visual Studio Solution File, Format Version 12.00
# Visual Studio Version 17
Project("{2150E333-8FDC-42A3-9474-1A3956D46DE8}") = "CMakePredefinedTargets", "CMakePredefinedTargets", "{C74B680B-B8AF-3C42-BCE9-740E083DB935}"
EndProject
Project("{2150E333-8FDC-42A3-9474-1A3956D46DE8}") = "External", "External", "{76C5B582-AF28-3A84-94C2-212A5B5E581D}"
EndProject
Project("{2150E333-8FDC-42A3-9474-1A3956D46DE8}") = "Internal", "Internal", "{FD635421-0FB7-3003-8E58-495914A116CD}"
EndProject
Project("{8BC9CEB8-8B4A-11D0-8D11-00A0C91BC942}") = "ALL_BUILD", "ALL_BUILD.vcxproj", "{55C22D2E-1E75-36B4-8D0F-C0111F346902}"
	ProjectSection(ProjectDependencies) = postProject
		{26F35BA7-2BB4-3EE6-BF1A-C9B99B696DEB} = {26F35BA7-2BB4-3EE6-BF1A-C9B99B696DEB}
		{115F15E4-E3A3-3B04-B855-2EDCD87DBC83} = {115F15E4-E3A3-3B04-B855-2EDCD87DBC83}
		{37C2797E-C896-367B-96CF-9863C4FBB065} = {37C2797E-C896-367B-96CF-9863C4FBB065}
		{CC6BCAA2-4F71-3A76-B2D3-B4A063DBD1FA} = {CC6BCAA2-4F71-3A76-B2D3-B4A063DBD1FA}
		{602978EC-D581-3885-BFBB-B570F852B761} = {602978EC-D581-3885-BFBB-B570F852B761}
		{38801C2F-987F-3ECF-AAC1-5F644EF87313} = {38801C2F-987F-3ECF-AAC1-5F644EF87313}
		{A7FC8F8D-AC69-3900-B9FF-1B9E004F72A4} = {A7FC8F8D-AC69-3900-B9FF-1B9E004F72A4}
		{5017D57B-5AFC-3571-B620-29D745E6CFAB} = {5017D57B-5AFC-3571-B620-29D745E6CFAB}
		{CAC60AD3-C84E-3AA1-AFA5-C7676D97F346} = {CAC60AD3-C84E-3AA1-AFA5-C7676D97F346}
		{70C88BC9-36EB-3BF1-B727-47269295FC27} = {70C88BC9-36EB-3BF1-B727-47269295FC27}
		{19B47A6E-53CF-3A10-B10E-721AFDCB59E5} = {19B47A6E-53CF-3A10-B10E-721AFDCB59E5}
		{8DBD86C3-9B83-3DA2-BE6F-4B3EAC6484CE} = {8DBD86C3-9B83-3DA2-BE6F-4B3EAC6484CE}
		{BDF9E8C6-F049-33DA-9B46-52819DA589D7} = {BDF9E8C6-F049-33DA-9B46-52819DA589D7}
	EndProjectSection
EndProject
Project("{8BC9CEB8-8B4A-11D0-8D11-00A0C91BC942}") = "ZERO_CHECK", "..\..\..\\ZERO_CHECK.vcxproj", "{26F35BA7-2BB4-3EE6-BF1A-C9B99B696DEB}"
	ProjectSection(ProjectDependencies) = postProject
	EndProjectSection
EndProject
Project("{8BC9CEB8-8B4A-11D0-8D11-00A0C91BC942}") = "cocos2d", "cocos2d.vcxproj", "{115F15E4-E3A3-3B04-B855-2EDCD87DBC83}"
	ProjectSection(ProjectDependencies) = postProject
		{26F35BA7-2BB4-3EE6-BF1A-C9B99B696DEB} = {26F35BA7-2BB4-3EE6-BF1A-C9B99B696DEB}
		{37C2797E-C896-367B-96CF-9863C4FBB065} = {37C2797E-C896-367B-96CF-9863C4FBB065}
		{CC6BCAA2-4F71-3A76-B2D3-B4A063DBD1FA} = {CC6BCAA2-4F71-3A76-B2D3-B4A063DBD1FA}
		{602978EC-D581-3885-BFBB-B570F852B761} = {602978EC-D581-3885-BFBB-B570F852B761}
		{38801C2F-987F-3ECF-AAC1-5F644EF87313} = {38801C2F-987F-3ECF-AAC1-5F644EF87313}
		{A7FC8F8D-AC69-3900-B9FF-1B9E004F72A4} = {A7FC8F8D-AC69-3900-B9FF-1B9E004F72A4}
		{5017D57B-5AFC-3571-B620-29D745E6CFAB} = {5017D57B-5AFC-3571-B620-29D745E6CFAB}
		{CAC60AD3-C84E-3AA1-AFA5-C7676D97F346} = {CAC60AD3-C84E-3AA1-AFA5-C7676D97F346}
		{70C88BC9-36EB-3BF1-B727-47269295FC27} = {70C88BC9-36EB-3BF1-B727-47269295FC27}
		{19B47A6E-53CF-3A10-B10E-721AFDCB59E5} = {19B47A6E-53CF-3A10-B10E-721AFDCB59E5}
		{8DBD86C3-9B83-3DA2-BE6F-4B3EAC6484CE} = {8DBD86C3-9B83-3DA2-BE6F-4B3EAC6484CE}
		{BDF9E8C6-F049-33DA-9B46-52819DA589D7} = {BDF9E8C6-F049-33DA-9B46-52819DA589D7}
	EndProjectSection
EndProject
Project("{8BC9CEB8-8B4A-11D0-8D11-00A0C91BC942}") = "ext_clipper", "..\..\external\clipper\ext_clipper.vcxproj", "{37C2797E-C896-367B-96CF-9863C4FBB065}"
	ProjectSection(ProjectDependencies) = postProject
		{26F35BA7-2BB4-3EE6-BF1A-C9B99B696DEB} = {26F35BA7-2BB4-3EE6-BF1A-C9B99B696DEB}
	EndProjectSection
EndProject
Project("{8BC9CEB8-8B4A-11D0-8D11-00A0C91BC942}") = "ext_convertUTF", "..\..\external\ConvertUTF\ext_convertUTF.vcxproj", "{CC6BCAA2-4F71-3A76-B2D3-B4A063DBD1FA}"
	ProjectSection(ProjectDependencies) = postProject
		{26F35BA7-2BB4-3EE6-BF1A-C9B99B696DEB} = {26F35BA7-2BB4-3EE6-BF1A-C9B99B696DEB}
	EndProjectSection
EndProject
Project("{8BC9CEB8-8B4A-11D0-8D11-00A0C91BC942}") = "ext_edtaa3func", "..\..\external\edtaa3func\ext_edtaa3func.vcxproj", "{602978EC-D581-3885-BFBB-B570F852B761}"
	ProjectSection(ProjectDependencies) = postProject
		{26F35BA7-2BB4-3EE6-BF1A-C9B99B696DEB} = {26F35BA7-2BB4-3EE6-BF1A-C9B99B696DEB}
	EndProjectSection
EndProject
Project("{8BC9CEB8-8B4A-11D0-8D11-00A0C91BC942}") = "ext_md5", "..\..\external\md5\ext_md5.vcxproj", "{38801C2F-987F-3ECF-AAC1-5F644EF87313}"
	ProjectSection(ProjectDependencies) = postProject
		{26F35BA7-2BB4-3EE6-BF1A-C9B99B696DEB} = {26F35BA7-2BB4-3EE6-BF1A-C9B99B696DEB}
	EndProjectSection
EndProject
Project("{8BC9CEB8-8B4A-11D0-8D11-00A0C91BC942}") = "ext_poly2tri", "..\..\external\poly2tri\ext_poly2tri.vcxproj", "{A7FC8F8D-AC69-3900-B9FF-1B9E004F72A4}"
	ProjectSection(ProjectDependencies) = postProject
		{26F35BA7-2BB4-3EE6-BF1A-C9B99B696DEB} = {26F35BA7-2BB4-3EE6-BF1A-C9B99B696DEB}
	EndProjectSection
EndProject
Project("{8BC9CEB8-8B4A-11D0-8D11-00A0C91BC942}") = "ext_recast", "..\..\external\recast\ext_recast.vcxproj", "{5017D57B-5AFC-3571-B620-29D745E6CFAB}"
	ProjectSection(ProjectDependencies) = postProject
		{26F35BA7-2BB4-3EE6-BF1A-C9B99B696DEB} = {26F35BA7-2BB4-3EE6-BF1A-C9B99B696DEB}
	EndProjectSection
EndProject
Project("{8BC9CEB8-8B4A-11D0-8D11-00A0C91BC942}") = "ext_tinyxml2", "..\..\external\tinyxml2\ext_tinyxml2.vcxproj", "{CAC60AD3-C84E-3AA1-AFA5-C7676D97F346}"
	ProjectSection(ProjectDependencies) = postProject
		{26F35BA7-2BB4-3EE6-BF1A-C9B99B696DEB} = {26F35BA7-2BB4-3EE6-BF1A-C9B99B696DEB}
	EndProjectSection
EndProject
Project("{8BC9CEB8-8B4A-11D0-8D11-00A0C91BC942}") = "ext_unzip", "..\..\external\unzip\ext_unzip.vcxproj", "{70C88BC9-36EB-3BF1-B727-47269295FC27}"
	ProjectSection(ProjectDependencies) = postProject
		{26F35BA7-2BB4-3EE6-BF1A-C9B99B696DEB} = {26F35BA7-2BB4-3EE6-BF1A-C9B99B696DEB}
	EndProjectSection
EndProject
Project("{8BC9CEB8-8B4A-11D0-8D11-00A0C91BC942}") = "ext_xxhash", "..\..\external\xxhash\ext_xxhash.vcxproj", "{19B47A6E-53CF-3A10-B10E-721AFDCB59E5}"
	ProjectSection(ProjectDependencies) = postProject
		{26F35BA7-2BB4-3EE6-BF1A-C9B99B696DEB} = {26F35BA7-2BB4-3EE6-BF1A-C9B99B696DEB}
	EndProjectSection
EndProject
Project("{8BC9CEB8-8B4A-11D0-8D11-00A0C91BC942}") = "ext_xxtea", "..\..\external\xxtea\ext_xxtea.vcxproj", "{8DBD86C3-9B83-3DA2-BE6F-4B3EAC6484CE}"
	ProjectSection(ProjectDependencies) = postProject
		{26F35BA7-2BB4-3EE6-BF1A-C9B99B696DEB} = {26F35BA7-2BB4-3EE6-BF1A-C9B99B696DEB}
	EndProjectSection
EndProject
Project("{8BC9CEB8-8B4A-11D0-8D11-00A0C91BC942}") = "external", "..\..\external\external.vcxproj", "{BDF9E8C6-F049-33DA-9B46-52819DA589D7}"
	ProjectSection(ProjectDependencies) = postProject
		{26F35BA7-2BB4-3EE6-BF1A-C9B99B696DEB} = {26F35BA7-2BB4-3EE6-BF1A-C9B99B696DEB}
		{37C2797E-C896-367B-96CF-9863C4FBB065} = {37C2797E-C896-367B-96CF-9863C4FBB065}
		{CC6BCAA2-4F71-3A76-B2D3-B4A063DBD1FA} = {CC6BCAA2-4F71-3A76-B2D3-B4A063DBD1FA}
		{602978EC-D581-3885-BFBB-B570F852B761} = {602978EC-D581-3885-BFBB-B570F852B761}
		{38801C2F-987F-3ECF-AAC1-5F644EF87313} = {38801C2F-987F-3ECF-AAC1-5F644EF87313}
		{A7FC8F8D-AC69-3900-B9FF-1B9E004F72A4} = {A7FC8F8D-AC69-3900-B9FF-1B9E004F72A4}
		{5017D57B-5AFC-3571-B620-29D745E6CFAB} = {5017D57B-5AFC-3571-B620-29D745E6CFAB}
		{CAC60AD3-C84E-3AA1-AFA5-C7676D97F346} = {CAC60AD3-C84E-3AA1-AFA5-C7676D97F346}
		{70C88BC9-36EB-3BF1-B727-47269295FC27} = {70C88BC9-36EB-3BF1-B727-47269295FC27}
		{19B47A6E-53CF-3A10-B10E-721AFDCB59E5} = {19B47A6E-53CF-3A10-B10E-721AFDCB59E5}
		{8DBD86C3-9B83-3DA2-BE6F-4B3EAC6484CE} = {8DBD86C3-9B83-3DA2-BE6F-4B3EAC6484CE}
	EndProjectSection
EndProject
Global
	GlobalSection(SolutionConfigurationPlatforms) = preSolution
		Debug|Win32 = Debug|Win32
		Release|Win32 = Release|Win32
		MinSizeRel|Win32 = MinSizeRel|Win32
		RelWithDebInfo|Win32 = RelWithDebInfo|Win32
	EndGlobalSection
	GlobalSection(ProjectConfigurationPlatforms) = postSolution
		{55C22D2E-1E75-36B4-8D0F-C0111F346902}.Debug|Win32.ActiveCfg = Debug|Win32
		{55C22D2E-1E75-36B4-8D0F-C0111F346902}.Release|Win32.ActiveCfg = Release|Win32
		{55C22D2E-1E75-36B4-8D0F-C0111F346902}.MinSizeRel|Win32.ActiveCfg = MinSizeRel|Win32
		{55C22D2E-1E75-36B4-8D0F-C0111F346902}.RelWithDebInfo|Win32.ActiveCfg = RelWithDebInfo|Win32
		{26F35BA7-2BB4-3EE6-BF1A-C9B99B696DEB}.Debug|Win32.ActiveCfg = Debug|Win32
		{26F35BA7-2BB4-3EE6-BF1A-C9B99B696DEB}.Debug|Win32.Build.0 = Debug|Win32
		{26F35BA7-2BB4-3EE6-BF1A-C9B99B696DEB}.Release|Win32.ActiveCfg = Release|Win32
		{26F35BA7-2BB4-3EE6-BF1A-C9B99B696DEB}.Release|Win32.Build.0 = Release|Win32
		{26F35BA7-2BB4-3EE6-BF1A-C9B99B696DEB}.MinSizeRel|Win32.ActiveCfg = MinSizeRel|Win32
		{26F35BA7-2BB4-3EE6-BF1A-C9B99B696DEB}.MinSizeRel|Win32.Build.0 = MinSizeRel|Win32
		{26F35BA7-2BB4-3EE6-BF1A-C9B99B696DEB}.RelWithDebInfo|Win32.ActiveCfg = RelWithDebInfo|Win32
		{26F35BA7-2BB4-3EE6-BF1A-C9B99B696DEB}.RelWithDebInfo|Win32.Build.0 = RelWithDebInfo|Win32
		{115F15E4-E3A3-3B04-B855-2EDCD87DBC83}.Debug|Win32.ActiveCfg = Debug|Win32
		{115F15E4-E3A3-3B04-B855-2EDCD87DBC83}.Debug|Win32.Build.0 = Debug|Win32
		{115F15E4-E3A3-3B04-B855-2EDCD87DBC83}.Release|Win32.ActiveCfg = Release|Win32
		{115F15E4-E3A3-3B04-B855-2EDCD87DBC83}.Release|Win32.Build.0 = Release|Win32
		{115F15E4-E3A3-3B04-B855-2EDCD87DBC83}.MinSizeRel|Win32.ActiveCfg = MinSizeRel|Win32
		{115F15E4-E3A3-3B04-B855-2EDCD87DBC83}.MinSizeRel|Win32.Build.0 = MinSizeRel|Win32
		{115F15E4-E3A3-3B04-B855-2EDCD87DBC83}.RelWithDebInfo|Win32.ActiveCfg = RelWithDebInfo|Win32
		{115F15E4-E3A3-3B04-B855-2EDCD87DBC83}.RelWithDebInfo|Win32.Build.0 = RelWithDebInfo|Win32
		{37C2797E-C896-367B-96CF-9863C4FBB065}.Debug|Win32.ActiveCfg = Debug|Win32
		{37C2797E-C896-367B-96CF-9863C4FBB065}.Debug|Win32.Build.0 = Debug|Win32
		{37C2797E-C896-367B-96CF-9863C4FBB065}.Release|Win32.ActiveCfg = Release|Win32
		{37C2797E-C896-367B-96CF-9863C4FBB065}.Release|Win32.Build.0 = Release|Win32
		{37C2797E-C896-367B-96CF-9863C4FBB065}.MinSizeRel|Win32.ActiveCfg = MinSizeRel|Win32
		{37C2797E-C896-367B-96CF-9863C4FBB065}.MinSizeRel|Win32.Build.0 = MinSizeRel|Win32
		{37C2797E-C896-367B-96CF-9863C4FBB065}.RelWithDebInfo|Win32.ActiveCfg = RelWithDebInfo|Win32
		{37C2797E-C896-367B-96CF-9863C4FBB065}.RelWithDebInfo|Win32.Build.0 = RelWithDebInfo|Win32
		{CC6BCAA2-4F71-3A76-B2D3-B4A063DBD1FA}.Debug|Win32.ActiveCfg = Debug|Win32
		{CC6BCAA2-4F71-3A76-B2D3-B4A063DBD1FA}.Debug|Win32.Build.0 = Debug|Win32
		{CC6BCAA2-4F71-3A76-B2D3-B4A063DBD1FA}.Release|Win32.ActiveCfg = Release|Win32
		{CC6BCAA2-4F71-3A76-B2D3-B4A063DBD1FA}.Release|Win32.Build.0 = Release|Win32
		{CC6BCAA2-4F71-3A76-B2D3-B4A063DBD1FA}.MinSizeRel|Win32.ActiveCfg = MinSizeRel|Win32
		{CC6BCAA2-4F71-3A76-B2D3-B4A063DBD1FA}.MinSizeRel|Win32.Build.0 = MinSizeRel|Win32
		{CC6BCAA2-4F71-3A76-B2D3-B4A063DBD1FA}.RelWithDebInfo|Win32.ActiveCfg = RelWithDebInfo|Win32
		{CC6BCAA2-4F71-3A76-B2D3-B4A063DBD1FA}.RelWithDebInfo|Win32.Build.0 = RelWithDebInfo|Win32
		{602978EC-D581-3885-BFBB-B570F852B761}.Debug|Win32.ActiveCfg = Debug|Win32
		{602978EC-D581-3885-BFBB-B570F852B761}.Debug|Win32.Build.0 = Debug|Win32
		{602978EC-D581-3885-BFBB-B570F852B761}.Release|Win32.ActiveCfg = Release|Win32
		{602978EC-D581-3885-BFBB-B570F852B761}.Release|Win32.Build.0 = Release|Win32
		{602978EC-D581-3885-BFBB-B570F852B761}.MinSizeRel|Win32.ActiveCfg = MinSizeRel|Win32
		{602978EC-D581-3885-BFBB-B570F852B761}.MinSizeRel|Win32.Build.0 = MinSizeRel|Win32
		{602978EC-D581-3885-BFBB-B570F852B761}.RelWithDebInfo|Win32.ActiveCfg = RelWithDebInfo|Win32
		{602978EC-D581-3885-BFBB-B570F852B761}.RelWithDebInfo|Win32.Build.0 = RelWithDebInfo|Win32
		{38801C2F-987F-3ECF-AAC1-5F644EF87313}.Debug|Win32.ActiveCfg = Debug|Win32
		{38801C2F-987F-3ECF-AAC1-5F644EF87313}.Debug|Win32.Build.0 = Debug|Win32
		{38801C2F-987F-3ECF-AAC1-5F644EF87313}.Release|Win32.ActiveCfg = Release|Win32
		{38801C2F-987F-3ECF-AAC1-5F644EF87313}.Release|Win32.Build.0 = Release|Win32
		{38801C2F-987F-3ECF-AAC1-5F644EF87313}.MinSizeRel|Win32.ActiveCfg = MinSizeRel|Win32
		{38801C2F-987F-3ECF-AAC1-5F644EF87313}.MinSizeRel|Win32.Build.0 = MinSizeRel|Win32
		{38801C2F-987F-3ECF-AAC1-5F644EF87313}.RelWithDebInfo|Win32.ActiveCfg = RelWithDebInfo|Win32
		{38801C2F-987F-3ECF-AAC1-5F644EF87313}.RelWithDebInfo|Win32.Build.0 = RelWithDebInfo|Win32
		{A7FC8F8D-AC69-3900-B9FF-1B9E004F72A4}.Debug|Win32.ActiveCfg = Debug|Win32
		{A7FC8F8D-AC69-3900-B9FF-1B9E004F72A4}.Debug|Win32.Build.0 = Debug|Win32
		{A7FC8F8D-AC69-3900-B9FF-1B9E004F72A4}.Release|Win32.ActiveCfg = Release|Win32
		{A7FC8F8D-AC69-3900-B9FF-1B9E004F72A4}.Release|Win32.Build.0 = Release|Win32
		{A7FC8F8D-AC69-3900-B9FF-1B9E004F72A4}.MinSizeRel|Win32.ActiveCfg = MinSizeRel|Win32
		{A7FC8F8D-AC69-3900-B9FF-1B9E004F72A4}.MinSizeRel|Win32.Build.0 = MinSizeRel|Win32
		{A7FC8F8D-AC69-3900-B9FF-1B9E004F72A4}.RelWithDebInfo|Win32.ActiveCfg = RelWithDebInfo|Win32
		{A7FC8F8D-AC69-3900-B9FF-1B9E004F72A4}.RelWithDebInfo|Win32.Build.0 = RelWithDebInfo|Win32
		{5017D57B-5AFC-3571-B620-29D745E6CFAB}.Debug|Win32.ActiveCfg = Debug|Win32
		{5017D57B-5AFC-3571-B620-29D745E6CFAB}.Debug|Win32.Build.0 = Debug|Win32
		{5017D57B-5AFC-3571-B620-29D745E6CFAB}.Release|Win32.ActiveCfg = Release|Win32
		{5017D57B-5AFC-3571-B620-29D745E6CFAB}.Release|Win32.Build.0 = Release|Win32
		{5017D57B-5AFC-3571-B620-29D745E6CFAB}.MinSizeRel|Win32.ActiveCfg = MinSizeRel|Win32
		{5017D57B-5AFC-3571-B620-29D745E6CFAB}.MinSizeRel|Win32.Build.0 = MinSizeRel|Win32
		{5017D57B-5AFC-3571-B620-29D745E6CFAB}.RelWithDebInfo|Win32.ActiveCfg = RelWithDebInfo|Win32
		{5017D57B-5AFC-3571-B620-29D745E6CFAB}.RelWithDebInfo|Win32.Build.0 = RelWithDebInfo|Win32
		{CAC60AD3-C84E-3AA1-AFA5-C7676D97F346}.Debug|Win32.ActiveCfg = Debug|Win32
		{CAC60AD3-C84E-3AA1-AFA5-C7676D97F346}.Debug|Win32.Build.0 = Debug|Win32
		{CAC60AD3-C84E-3AA1-AFA5-C7676D97F346}.Release|Win32.ActiveCfg = Release|Win32
		{CAC60AD3-C84E-3AA1-AFA5-C7676D97F346}.Release|Win32.Build.0 = Release|Win32
		{CAC60AD3-C84E-3AA1-AFA5-C7676D97F346}.MinSizeRel|Win32.ActiveCfg = MinSizeRel|Win32
		{CAC60AD3-C84E-3AA1-AFA5-C7676D97F346}.MinSizeRel|Win32.Build.0 = MinSizeRel|Win32
		{CAC60AD3-C84E-3AA1-AFA5-C7676D97F346}.RelWithDebInfo|Win32.ActiveCfg = RelWithDebInfo|Win32
		{CAC60AD3-C84E-3AA1-AFA5-C7676D97F346}.RelWithDebInfo|Win32.Build.0 = RelWithDebInfo|Win32
		{70C88BC9-36EB-3BF1-B727-47269295FC27}.Debug|Win32.ActiveCfg = Debug|Win32
		{70C88BC9-36EB-3BF1-B727-47269295FC27}.Debug|Win32.Build.0 = Debug|Win32
		{70C88BC9-36EB-3BF1-B727-47269295FC27}.Release|Win32.ActiveCfg = Release|Win32
		{70C88BC9-36EB-3BF1-B727-47269295FC27}.Release|Win32.Build.0 = Release|Win32
		{70C88BC9-36EB-3BF1-B727-47269295FC27}.MinSizeRel|Win32.ActiveCfg = MinSizeRel|Win32
		{70C88BC9-36EB-3BF1-B727-47269295FC27}.MinSizeRel|Win32.Build.0 = MinSizeRel|Win32
		{70C88BC9-36EB-3BF1-B727-47269295FC27}.RelWithDebInfo|Win32.ActiveCfg = RelWithDebInfo|Win32
		{70C88BC9-36EB-3BF1-B727-47269295FC27}.RelWithDebInfo|Win32.Build.0 = RelWithDebInfo|Win32
		{19B47A6E-53CF-3A10-B10E-721AFDCB59E5}.Debug|Win32.ActiveCfg = Debug|Win32
		{19B47A6E-53CF-3A10-B10E-721AFDCB59E5}.Debug|Win32.Build.0 = Debug|Win32
		{19B47A6E-53CF-3A10-B10E-721AFDCB59E5}.Release|Win32.ActiveCfg = Release|Win32
		{19B47A6E-53CF-3A10-B10E-721AFDCB59E5}.Release|Win32.Build.0 = Release|Win32
		{19B47A6E-53CF-3A10-B10E-721AFDCB59E5}.MinSizeRel|Win32.ActiveCfg = MinSizeRel|Win32
		{19B47A6E-53CF-3A10-B10E-721AFDCB59E5}.MinSizeRel|Win32.Build.0 = MinSizeRel|Win32
		{19B47A6E-53CF-3A10-B10E-721AFDCB59E5}.RelWithDebInfo|Win32.ActiveCfg = RelWithDebInfo|Win32
		{19B47A6E-53CF-3A10-B10E-721AFDCB59E5}.RelWithDebInfo|Win32.Build.0 = RelWithDebInfo|Win32
		{8DBD86C3-9B83-3DA2-BE6F-4B3EAC6484CE}.Debug|Win32.ActiveCfg = Debug|Win32
		{8DBD86C3-9B83-3DA2-BE6F-4B3EAC6484CE}.Debug|Win32.Build.0 = Debug|Win32
		{8DBD86C3-9B83-3DA2-BE6F-4B3EAC6484CE}.Release|Win32.ActiveCfg = Release|Win32
		{8DBD86C3-9B83-3DA2-BE6F-4B3EAC6484CE}.Release|Win32.Build.0 = Release|Win32
		{8DBD86C3-9B83-3DA2-BE6F-4B3EAC6484CE}.MinSizeRel|Win32.ActiveCfg = MinSizeRel|Win32
		{8DBD86C3-9B83-3DA2-BE6F-4B3EAC6484CE}.MinSizeRel|Win32.Build.0 = MinSizeRel|Win32
		{8DBD86C3-9B83-3DA2-BE6F-4B3EAC6484CE}.RelWithDebInfo|Win32.ActiveCfg = RelWithDebInfo|Win32
		{8DBD86C3-9B83-3DA2-BE6F-4B3EAC6484CE}.RelWithDebInfo|Win32.Build.0 = RelWithDebInfo|Win32
		{BDF9E8C6-F049-33DA-9B46-52819DA589D7}.Debug|Win32.ActiveCfg = Debug|Win32
		{BDF9E8C6-F049-33DA-9B46-52819DA589D7}.Debug|Win32.Build.0 = Debug|Win32
		{BDF9E8C6-F049-33DA-9B46-52819DA589D7}.Release|Win32.ActiveCfg = Release|Win32
		{BDF9E8C6-F049-33DA-9B46-52819DA589D7}.Release|Win32.Build.0 = Release|Win32
		{BDF9E8C6-F049-33DA-9B46-52819DA589D7}.MinSizeRel|Win32.ActiveCfg = MinSizeRel|Win32
		{BDF9E8C6-F049-33DA-9B46-52819DA589D7}.MinSizeRel|Win32.Build.0 = MinSizeRel|Win32
		{BDF9E8C6-F049-33DA-9B46-52819DA589D7}.RelWithDebInfo|Win32.ActiveCfg = RelWithDebInfo|Win32
		{BDF9E8C6-F049-33DA-9B46-52819DA589D7}.RelWithDebInfo|Win32.Build.0 = RelWithDebInfo|Win32
	EndGlobalSection
	GlobalSection(NestedProjects) = preSolution
		{55C22D2E-1E75-36B4-8D0F-C0111F346902} = {C74B680B-B8AF-3C42-BCE9-740E083DB935}
		{26F35BA7-2BB4-3EE6-BF1A-C9B99B696DEB} = {C74B680B-B8AF-3C42-BCE9-740E083DB935}
		{37C2797E-C896-367B-96CF-9863C4FBB065} = {76C5B582-AF28-3A84-94C2-212A5B5E581D}
		{CC6BCAA2-4F71-3A76-B2D3-B4A063DBD1FA} = {76C5B582-AF28-3A84-94C2-212A5B5E581D}
		{602978EC-D581-3885-BFBB-B570F852B761} = {76C5B582-AF28-3A84-94C2-212A5B5E581D}
		{38801C2F-987F-3ECF-AAC1-5F644EF87313} = {76C5B582-AF28-3A84-94C2-212A5B5E581D}
		{A7FC8F8D-AC69-3900-B9FF-1B9E004F72A4} = {76C5B582-AF28-3A84-94C2-212A5B5E581D}
		{5017D57B-5AFC-3571-B620-29D745E6CFAB} = {76C5B582-AF28-3A84-94C2-212A5B5E581D}
		{CAC60AD3-C84E-3AA1-AFA5-C7676D97F346} = {76C5B582-AF28-3A84-94C2-212A5B5E581D}
		{70C88BC9-36EB-3BF1-B727-47269295FC27} = {76C5B582-AF28-3A84-94C2-212A5B5E581D}
		{19B47A6E-53CF-3A10-B10E-721AFDCB59E5} = {76C5B582-AF28-3A84-94C2-212A5B5E581D}
		{8DBD86C3-9B83-3DA2-BE6F-4B3EAC6484CE} = {76C5B582-AF28-3A84-94C2-212A5B5E581D}
		{BDF9E8C6-F049-33DA-9B46-52819DA589D7} = {76C5B582-AF28-3A84-94C2-212A5B5E581D}
		{115F15E4-E3A3-3B04-B855-2EDCD87DBC83} = {FD635421-0FB7-3003-8E58-495914A116CD}
	EndGlobalSection
	GlobalSection(ExtensibilityGlobals) = postSolution
		SolutionGuid = {9642EAE0-7F80-30B6-A2C6-F2B126FD544A}
	EndGlobalSection
	GlobalSection(ExtensibilityAddIns) = postSolution
	EndGlobalSection
EndGlobal
