
Microsoft Visual Studio Solution File, Format Version 12.00
# Visual Studio Version 17
Project("{2150E333-8FDC-42A3-9474-1A3956D46DE8}") = "CMakePredefinedTargets", "CMakePredefinedTargets", "{B76B045A-4E1F-3B84-B1DA-6C31D66BFA7D}"
EndProject
Project("{2150E333-8FDC-42A3-9474-1A3956D46DE8}") = "External", "External", "{5368308F-8ED8-3AD8-BD5B-ACC7FDFBD4A1}"
EndProject
Project("{2150E333-8FDC-42A3-9474-1A3956D46DE8}") = "Internal", "Internal", "{7BA06730-13BA-3DFA-9AB8-F34D6EBE67FE}"
EndProject
Project("{8BC9CEB8-8B4A-11D0-8D11-00A0C91BC942}") = "ALL_BUILD", "ALL_BUILD.vcxproj", "{30B6C855-D137-3D06-BC71-BDAB81C30E9C}"
	ProjectSection(ProjectDependencies) = postProject
		{5D9FB788-CEE1-347F-82D4-FDC25C6DBAEB} = {5D9FB788-CEE1-347F-82D4-FDC25C6DBAEB}
		{BF033730-7693-3B73-BFCC-83E16CE7F106} = {BF033730-7693-3B73-BFCC-83E16CE7F106}
		{3423D1DF-1E88-3CA5-936E-80758A176260} = {3423D1DF-1E88-3CA5-936E-80758A176260}
		{A9FC21DC-9D99-319A-B29B-5AD8AFDC6338} = {A9FC21DC-9D99-319A-B29B-5AD8AFDC6338}
		{EDE3A9A4-A437-3DD8-A754-2BADA3D0BDE3} = {EDE3A9A4-A437-3DD8-A754-2BADA3D0BDE3}
		{0A34BD91-EFD4-3C22-827E-537BEB3D8E8F} = {0A34BD91-EFD4-3C22-827E-537BEB3D8E8F}
		{1DE62FEF-640F-3454-934B-EF2528BE7748} = {1DE62FEF-640F-3454-934B-EF2528BE7748}
		{E1782E29-2C4D-3FDB-8632-E3EDD257CFC1} = {E1782E29-2C4D-3FDB-8632-E3EDD257CFC1}
		{11CCFDC1-E762-3ED4-BD64-B73E8390581D} = {11CCFDC1-E762-3ED4-BD64-B73E8390581D}
		{4C7A8B41-0D53-3D14-8B93-CDA275005358} = {4C7A8B41-0D53-3D14-8B93-CDA275005358}
		{8F3112E0-2A47-323A-9A76-37BD5D07BA2E} = {8F3112E0-2A47-323A-9A76-37BD5D07BA2E}
		{15398CEB-D2C2-351C-99AC-A8B019E93885} = {15398CEB-D2C2-351C-99AC-A8B019E93885}
		{4121565D-E6CD-35F5-9767-643C2CC1F7D9} = {4121565D-E6CD-35F5-9767-643C2CC1F7D9}
	EndProjectSection
EndProject
Project("{8BC9CEB8-8B4A-11D0-8D11-00A0C91BC942}") = "ZERO_CHECK", "..\..\..\\ZERO_CHECK.vcxproj", "{5D9FB788-CEE1-347F-82D4-FDC25C6DBAEB}"
	ProjectSection(ProjectDependencies) = postProject
	EndProjectSection
EndProject
Project("{8BC9CEB8-8B4A-11D0-8D11-00A0C91BC942}") = "cocos2d", "cocos2d.vcxproj", "{BF033730-7693-3B73-BFCC-83E16CE7F106}"
	ProjectSection(ProjectDependencies) = postProject
		{5D9FB788-CEE1-347F-82D4-FDC25C6DBAEB} = {5D9FB788-CEE1-347F-82D4-FDC25C6DBAEB}
		{3423D1DF-1E88-3CA5-936E-80758A176260} = {3423D1DF-1E88-3CA5-936E-80758A176260}
		{A9FC21DC-9D99-319A-B29B-5AD8AFDC6338} = {A9FC21DC-9D99-319A-B29B-5AD8AFDC6338}
		{EDE3A9A4-A437-3DD8-A754-2BADA3D0BDE3} = {EDE3A9A4-A437-3DD8-A754-2BADA3D0BDE3}
		{0A34BD91-EFD4-3C22-827E-537BEB3D8E8F} = {0A34BD91-EFD4-3C22-827E-537BEB3D8E8F}
		{1DE62FEF-640F-3454-934B-EF2528BE7748} = {1DE62FEF-640F-3454-934B-EF2528BE7748}
		{E1782E29-2C4D-3FDB-8632-E3EDD257CFC1} = {E1782E29-2C4D-3FDB-8632-E3EDD257CFC1}
		{11CCFDC1-E762-3ED4-BD64-B73E8390581D} = {11CCFDC1-E762-3ED4-BD64-B73E8390581D}
		{4C7A8B41-0D53-3D14-8B93-CDA275005358} = {4C7A8B41-0D53-3D14-8B93-CDA275005358}
		{8F3112E0-2A47-323A-9A76-37BD5D07BA2E} = {8F3112E0-2A47-323A-9A76-37BD5D07BA2E}
		{15398CEB-D2C2-351C-99AC-A8B019E93885} = {15398CEB-D2C2-351C-99AC-A8B019E93885}
		{4121565D-E6CD-35F5-9767-643C2CC1F7D9} = {4121565D-E6CD-35F5-9767-643C2CC1F7D9}
	EndProjectSection
EndProject
Project("{8BC9CEB8-8B4A-11D0-8D11-00A0C91BC942}") = "ext_clipper", "..\..\external\clipper\ext_clipper.vcxproj", "{3423D1DF-1E88-3CA5-936E-80758A176260}"
	ProjectSection(ProjectDependencies) = postProject
		{5D9FB788-CEE1-347F-82D4-FDC25C6DBAEB} = {5D9FB788-CEE1-347F-82D4-FDC25C6DBAEB}
	EndProjectSection
EndProject
Project("{8BC9CEB8-8B4A-11D0-8D11-00A0C91BC942}") = "ext_convertUTF", "..\..\external\ConvertUTF\ext_convertUTF.vcxproj", "{A9FC21DC-9D99-319A-B29B-5AD8AFDC6338}"
	ProjectSection(ProjectDependencies) = postProject
		{5D9FB788-CEE1-347F-82D4-FDC25C6DBAEB} = {5D9FB788-CEE1-347F-82D4-FDC25C6DBAEB}
	EndProjectSection
EndProject
Project("{8BC9CEB8-8B4A-11D0-8D11-00A0C91BC942}") = "ext_edtaa3func", "..\..\external\edtaa3func\ext_edtaa3func.vcxproj", "{EDE3A9A4-A437-3DD8-A754-2BADA3D0BDE3}"
	ProjectSection(ProjectDependencies) = postProject
		{5D9FB788-CEE1-347F-82D4-FDC25C6DBAEB} = {5D9FB788-CEE1-347F-82D4-FDC25C6DBAEB}
	EndProjectSection
EndProject
Project("{8BC9CEB8-8B4A-11D0-8D11-00A0C91BC942}") = "ext_md5", "..\..\external\md5\ext_md5.vcxproj", "{0A34BD91-EFD4-3C22-827E-537BEB3D8E8F}"
	ProjectSection(ProjectDependencies) = postProject
		{5D9FB788-CEE1-347F-82D4-FDC25C6DBAEB} = {5D9FB788-CEE1-347F-82D4-FDC25C6DBAEB}
	EndProjectSection
EndProject
Project("{8BC9CEB8-8B4A-11D0-8D11-00A0C91BC942}") = "ext_poly2tri", "..\..\external\poly2tri\ext_poly2tri.vcxproj", "{1DE62FEF-640F-3454-934B-EF2528BE7748}"
	ProjectSection(ProjectDependencies) = postProject
		{5D9FB788-CEE1-347F-82D4-FDC25C6DBAEB} = {5D9FB788-CEE1-347F-82D4-FDC25C6DBAEB}
	EndProjectSection
EndProject
Project("{8BC9CEB8-8B4A-11D0-8D11-00A0C91BC942}") = "ext_recast", "..\..\external\recast\ext_recast.vcxproj", "{E1782E29-2C4D-3FDB-8632-E3EDD257CFC1}"
	ProjectSection(ProjectDependencies) = postProject
		{5D9FB788-CEE1-347F-82D4-FDC25C6DBAEB} = {5D9FB788-CEE1-347F-82D4-FDC25C6DBAEB}
	EndProjectSection
EndProject
Project("{8BC9CEB8-8B4A-11D0-8D11-00A0C91BC942}") = "ext_tinyxml2", "..\..\external\tinyxml2\ext_tinyxml2.vcxproj", "{11CCFDC1-E762-3ED4-BD64-B73E8390581D}"
	ProjectSection(ProjectDependencies) = postProject
		{5D9FB788-CEE1-347F-82D4-FDC25C6DBAEB} = {5D9FB788-CEE1-347F-82D4-FDC25C6DBAEB}
	EndProjectSection
EndProject
Project("{8BC9CEB8-8B4A-11D0-8D11-00A0C91BC942}") = "ext_unzip", "..\..\external\unzip\ext_unzip.vcxproj", "{4C7A8B41-0D53-3D14-8B93-CDA275005358}"
	ProjectSection(ProjectDependencies) = postProject
		{5D9FB788-CEE1-347F-82D4-FDC25C6DBAEB} = {5D9FB788-CEE1-347F-82D4-FDC25C6DBAEB}
	EndProjectSection
EndProject
Project("{8BC9CEB8-8B4A-11D0-8D11-00A0C91BC942}") = "ext_xxhash", "..\..\external\xxhash\ext_xxhash.vcxproj", "{8F3112E0-2A47-323A-9A76-37BD5D07BA2E}"
	ProjectSection(ProjectDependencies) = postProject
		{5D9FB788-CEE1-347F-82D4-FDC25C6DBAEB} = {5D9FB788-CEE1-347F-82D4-FDC25C6DBAEB}
	EndProjectSection
EndProject
Project("{8BC9CEB8-8B4A-11D0-8D11-00A0C91BC942}") = "ext_xxtea", "..\..\external\xxtea\ext_xxtea.vcxproj", "{15398CEB-D2C2-351C-99AC-A8B019E93885}"
	ProjectSection(ProjectDependencies) = postProject
		{5D9FB788-CEE1-347F-82D4-FDC25C6DBAEB} = {5D9FB788-CEE1-347F-82D4-FDC25C6DBAEB}
	EndProjectSection
EndProject
Project("{8BC9CEB8-8B4A-11D0-8D11-00A0C91BC942}") = "external", "..\..\external\external.vcxproj", "{4121565D-E6CD-35F5-9767-643C2CC1F7D9}"
	ProjectSection(ProjectDependencies) = postProject
		{5D9FB788-CEE1-347F-82D4-FDC25C6DBAEB} = {5D9FB788-CEE1-347F-82D4-FDC25C6DBAEB}
		{3423D1DF-1E88-3CA5-936E-80758A176260} = {3423D1DF-1E88-3CA5-936E-80758A176260}
		{A9FC21DC-9D99-319A-B29B-5AD8AFDC6338} = {A9FC21DC-9D99-319A-B29B-5AD8AFDC6338}
		{EDE3A9A4-A437-3DD8-A754-2BADA3D0BDE3} = {EDE3A9A4-A437-3DD8-A754-2BADA3D0BDE3}
		{0A34BD91-EFD4-3C22-827E-537BEB3D8E8F} = {0A34BD91-EFD4-3C22-827E-537BEB3D8E8F}
		{1DE62FEF-640F-3454-934B-EF2528BE7748} = {1DE62FEF-640F-3454-934B-EF2528BE7748}
		{E1782E29-2C4D-3FDB-8632-E3EDD257CFC1} = {E1782E29-2C4D-3FDB-8632-E3EDD257CFC1}
		{11CCFDC1-E762-3ED4-BD64-B73E8390581D} = {11CCFDC1-E762-3ED4-BD64-B73E8390581D}
		{4C7A8B41-0D53-3D14-8B93-CDA275005358} = {4C7A8B41-0D53-3D14-8B93-CDA275005358}
		{8F3112E0-2A47-323A-9A76-37BD5D07BA2E} = {8F3112E0-2A47-323A-9A76-37BD5D07BA2E}
		{15398CEB-D2C2-351C-99AC-A8B019E93885} = {15398CEB-D2C2-351C-99AC-A8B019E93885}
	EndProjectSection
EndProject
Global
	GlobalSection(SolutionConfigurationPlatforms) = preSolution
		Debug|Win32 = Debug|Win32
		Release|Win32 = Release|Win32
		MinSizeRel|Win32 = MinSizeRel|Win32
		RelWithDebInfo|Win32 = RelWithDebInfo|Win32
	EndGlobalSection
	GlobalSection(ProjectConfigurationPlatforms) = postSolution
		{30B6C855-D137-3D06-BC71-BDAB81C30E9C}.Debug|Win32.ActiveCfg = Debug|Win32
		{30B6C855-D137-3D06-BC71-BDAB81C30E9C}.Release|Win32.ActiveCfg = Release|Win32
		{30B6C855-D137-3D06-BC71-BDAB81C30E9C}.MinSizeRel|Win32.ActiveCfg = MinSizeRel|Win32
		{30B6C855-D137-3D06-BC71-BDAB81C30E9C}.RelWithDebInfo|Win32.ActiveCfg = RelWithDebInfo|Win32
		{5D9FB788-CEE1-347F-82D4-FDC25C6DBAEB}.Debug|Win32.ActiveCfg = Debug|Win32
		{5D9FB788-CEE1-347F-82D4-FDC25C6DBAEB}.Debug|Win32.Build.0 = Debug|Win32
		{5D9FB788-CEE1-347F-82D4-FDC25C6DBAEB}.Release|Win32.ActiveCfg = Release|Win32
		{5D9FB788-CEE1-347F-82D4-FDC25C6DBAEB}.Release|Win32.Build.0 = Release|Win32
		{5D9FB788-CEE1-347F-82D4-FDC25C6DBAEB}.MinSizeRel|Win32.ActiveCfg = MinSizeRel|Win32
		{5D9FB788-CEE1-347F-82D4-FDC25C6DBAEB}.MinSizeRel|Win32.Build.0 = MinSizeRel|Win32
		{5D9FB788-CEE1-347F-82D4-FDC25C6DBAEB}.RelWithDebInfo|Win32.ActiveCfg = RelWithDebInfo|Win32
		{5D9FB788-CEE1-347F-82D4-FDC25C6DBAEB}.RelWithDebInfo|Win32.Build.0 = RelWithDebInfo|Win32
		{BF033730-7693-3B73-BFCC-83E16CE7F106}.Debug|Win32.ActiveCfg = Debug|Win32
		{BF033730-7693-3B73-BFCC-83E16CE7F106}.Debug|Win32.Build.0 = Debug|Win32
		{BF033730-7693-3B73-BFCC-83E16CE7F106}.Release|Win32.ActiveCfg = Release|Win32
		{BF033730-7693-3B73-BFCC-83E16CE7F106}.Release|Win32.Build.0 = Release|Win32
		{BF033730-7693-3B73-BFCC-83E16CE7F106}.MinSizeRel|Win32.ActiveCfg = MinSizeRel|Win32
		{BF033730-7693-3B73-BFCC-83E16CE7F106}.MinSizeRel|Win32.Build.0 = MinSizeRel|Win32
		{BF033730-7693-3B73-BFCC-83E16CE7F106}.RelWithDebInfo|Win32.ActiveCfg = RelWithDebInfo|Win32
		{BF033730-7693-3B73-BFCC-83E16CE7F106}.RelWithDebInfo|Win32.Build.0 = RelWithDebInfo|Win32
		{3423D1DF-1E88-3CA5-936E-80758A176260}.Debug|Win32.ActiveCfg = Debug|Win32
		{3423D1DF-1E88-3CA5-936E-80758A176260}.Debug|Win32.Build.0 = Debug|Win32
		{3423D1DF-1E88-3CA5-936E-80758A176260}.Release|Win32.ActiveCfg = Release|Win32
		{3423D1DF-1E88-3CA5-936E-80758A176260}.Release|Win32.Build.0 = Release|Win32
		{3423D1DF-1E88-3CA5-936E-80758A176260}.MinSizeRel|Win32.ActiveCfg = MinSizeRel|Win32
		{3423D1DF-1E88-3CA5-936E-80758A176260}.MinSizeRel|Win32.Build.0 = MinSizeRel|Win32
		{3423D1DF-1E88-3CA5-936E-80758A176260}.RelWithDebInfo|Win32.ActiveCfg = RelWithDebInfo|Win32
		{3423D1DF-1E88-3CA5-936E-80758A176260}.RelWithDebInfo|Win32.Build.0 = RelWithDebInfo|Win32
		{A9FC21DC-9D99-319A-B29B-5AD8AFDC6338}.Debug|Win32.ActiveCfg = Debug|Win32
		{A9FC21DC-9D99-319A-B29B-5AD8AFDC6338}.Debug|Win32.Build.0 = Debug|Win32
		{A9FC21DC-9D99-319A-B29B-5AD8AFDC6338}.Release|Win32.ActiveCfg = Release|Win32
		{A9FC21DC-9D99-319A-B29B-5AD8AFDC6338}.Release|Win32.Build.0 = Release|Win32
		{A9FC21DC-9D99-319A-B29B-5AD8AFDC6338}.MinSizeRel|Win32.ActiveCfg = MinSizeRel|Win32
		{A9FC21DC-9D99-319A-B29B-5AD8AFDC6338}.MinSizeRel|Win32.Build.0 = MinSizeRel|Win32
		{A9FC21DC-9D99-319A-B29B-5AD8AFDC6338}.RelWithDebInfo|Win32.ActiveCfg = RelWithDebInfo|Win32
		{A9FC21DC-9D99-319A-B29B-5AD8AFDC6338}.RelWithDebInfo|Win32.Build.0 = RelWithDebInfo|Win32
		{EDE3A9A4-A437-3DD8-A754-2BADA3D0BDE3}.Debug|Win32.ActiveCfg = Debug|Win32
		{EDE3A9A4-A437-3DD8-A754-2BADA3D0BDE3}.Debug|Win32.Build.0 = Debug|Win32
		{EDE3A9A4-A437-3DD8-A754-2BADA3D0BDE3}.Release|Win32.ActiveCfg = Release|Win32
		{EDE3A9A4-A437-3DD8-A754-2BADA3D0BDE3}.Release|Win32.Build.0 = Release|Win32
		{EDE3A9A4-A437-3DD8-A754-2BADA3D0BDE3}.MinSizeRel|Win32.ActiveCfg = MinSizeRel|Win32
		{EDE3A9A4-A437-3DD8-A754-2BADA3D0BDE3}.MinSizeRel|Win32.Build.0 = MinSizeRel|Win32
		{EDE3A9A4-A437-3DD8-A754-2BADA3D0BDE3}.RelWithDebInfo|Win32.ActiveCfg = RelWithDebInfo|Win32
		{EDE3A9A4-A437-3DD8-A754-2BADA3D0BDE3}.RelWithDebInfo|Win32.Build.0 = RelWithDebInfo|Win32
		{0A34BD91-EFD4-3C22-827E-537BEB3D8E8F}.Debug|Win32.ActiveCfg = Debug|Win32
		{0A34BD91-EFD4-3C22-827E-537BEB3D8E8F}.Debug|Win32.Build.0 = Debug|Win32
		{0A34BD91-EFD4-3C22-827E-537BEB3D8E8F}.Release|Win32.ActiveCfg = Release|Win32
		{0A34BD91-EFD4-3C22-827E-537BEB3D8E8F}.Release|Win32.Build.0 = Release|Win32
		{0A34BD91-EFD4-3C22-827E-537BEB3D8E8F}.MinSizeRel|Win32.ActiveCfg = MinSizeRel|Win32
		{0A34BD91-EFD4-3C22-827E-537BEB3D8E8F}.MinSizeRel|Win32.Build.0 = MinSizeRel|Win32
		{0A34BD91-EFD4-3C22-827E-537BEB3D8E8F}.RelWithDebInfo|Win32.ActiveCfg = RelWithDebInfo|Win32
		{0A34BD91-EFD4-3C22-827E-537BEB3D8E8F}.RelWithDebInfo|Win32.Build.0 = RelWithDebInfo|Win32
		{1DE62FEF-640F-3454-934B-EF2528BE7748}.Debug|Win32.ActiveCfg = Debug|Win32
		{1DE62FEF-640F-3454-934B-EF2528BE7748}.Debug|Win32.Build.0 = Debug|Win32
		{1DE62FEF-640F-3454-934B-EF2528BE7748}.Release|Win32.ActiveCfg = Release|Win32
		{1DE62FEF-640F-3454-934B-EF2528BE7748}.Release|Win32.Build.0 = Release|Win32
		{1DE62FEF-640F-3454-934B-EF2528BE7748}.MinSizeRel|Win32.ActiveCfg = MinSizeRel|Win32
		{1DE62FEF-640F-3454-934B-EF2528BE7748}.MinSizeRel|Win32.Build.0 = MinSizeRel|Win32
		{1DE62FEF-640F-3454-934B-EF2528BE7748}.RelWithDebInfo|Win32.ActiveCfg = RelWithDebInfo|Win32
		{1DE62FEF-640F-3454-934B-EF2528BE7748}.RelWithDebInfo|Win32.Build.0 = RelWithDebInfo|Win32
		{E1782E29-2C4D-3FDB-8632-E3EDD257CFC1}.Debug|Win32.ActiveCfg = Debug|Win32
		{E1782E29-2C4D-3FDB-8632-E3EDD257CFC1}.Debug|Win32.Build.0 = Debug|Win32
		{E1782E29-2C4D-3FDB-8632-E3EDD257CFC1}.Release|Win32.ActiveCfg = Release|Win32
		{E1782E29-2C4D-3FDB-8632-E3EDD257CFC1}.Release|Win32.Build.0 = Release|Win32
		{E1782E29-2C4D-3FDB-8632-E3EDD257CFC1}.MinSizeRel|Win32.ActiveCfg = MinSizeRel|Win32
		{E1782E29-2C4D-3FDB-8632-E3EDD257CFC1}.MinSizeRel|Win32.Build.0 = MinSizeRel|Win32
		{E1782E29-2C4D-3FDB-8632-E3EDD257CFC1}.RelWithDebInfo|Win32.ActiveCfg = RelWithDebInfo|Win32
		{E1782E29-2C4D-3FDB-8632-E3EDD257CFC1}.RelWithDebInfo|Win32.Build.0 = RelWithDebInfo|Win32
		{11CCFDC1-E762-3ED4-BD64-B73E8390581D}.Debug|Win32.ActiveCfg = Debug|Win32
		{11CCFDC1-E762-3ED4-BD64-B73E8390581D}.Debug|Win32.Build.0 = Debug|Win32
		{11CCFDC1-E762-3ED4-BD64-B73E8390581D}.Release|Win32.ActiveCfg = Release|Win32
		{11CCFDC1-E762-3ED4-BD64-B73E8390581D}.Release|Win32.Build.0 = Release|Win32
		{11CCFDC1-E762-3ED4-BD64-B73E8390581D}.MinSizeRel|Win32.ActiveCfg = MinSizeRel|Win32
		{11CCFDC1-E762-3ED4-BD64-B73E8390581D}.MinSizeRel|Win32.Build.0 = MinSizeRel|Win32
		{11CCFDC1-E762-3ED4-BD64-B73E8390581D}.RelWithDebInfo|Win32.ActiveCfg = RelWithDebInfo|Win32
		{11CCFDC1-E762-3ED4-BD64-B73E8390581D}.RelWithDebInfo|Win32.Build.0 = RelWithDebInfo|Win32
		{4C7A8B41-0D53-3D14-8B93-CDA275005358}.Debug|Win32.ActiveCfg = Debug|Win32
		{4C7A8B41-0D53-3D14-8B93-CDA275005358}.Debug|Win32.Build.0 = Debug|Win32
		{4C7A8B41-0D53-3D14-8B93-CDA275005358}.Release|Win32.ActiveCfg = Release|Win32
		{4C7A8B41-0D53-3D14-8B93-CDA275005358}.Release|Win32.Build.0 = Release|Win32
		{4C7A8B41-0D53-3D14-8B93-CDA275005358}.MinSizeRel|Win32.ActiveCfg = MinSizeRel|Win32
		{4C7A8B41-0D53-3D14-8B93-CDA275005358}.MinSizeRel|Win32.Build.0 = MinSizeRel|Win32
		{4C7A8B41-0D53-3D14-8B93-CDA275005358}.RelWithDebInfo|Win32.ActiveCfg = RelWithDebInfo|Win32
		{4C7A8B41-0D53-3D14-8B93-CDA275005358}.RelWithDebInfo|Win32.Build.0 = RelWithDebInfo|Win32
		{8F3112E0-2A47-323A-9A76-37BD5D07BA2E}.Debug|Win32.ActiveCfg = Debug|Win32
		{8F3112E0-2A47-323A-9A76-37BD5D07BA2E}.Debug|Win32.Build.0 = Debug|Win32
		{8F3112E0-2A47-323A-9A76-37BD5D07BA2E}.Release|Win32.ActiveCfg = Release|Win32
		{8F3112E0-2A47-323A-9A76-37BD5D07BA2E}.Release|Win32.Build.0 = Release|Win32
		{8F3112E0-2A47-323A-9A76-37BD5D07BA2E}.MinSizeRel|Win32.ActiveCfg = MinSizeRel|Win32
		{8F3112E0-2A47-323A-9A76-37BD5D07BA2E}.MinSizeRel|Win32.Build.0 = MinSizeRel|Win32
		{8F3112E0-2A47-323A-9A76-37BD5D07BA2E}.RelWithDebInfo|Win32.ActiveCfg = RelWithDebInfo|Win32
		{8F3112E0-2A47-323A-9A76-37BD5D07BA2E}.RelWithDebInfo|Win32.Build.0 = RelWithDebInfo|Win32
		{15398CEB-D2C2-351C-99AC-A8B019E93885}.Debug|Win32.ActiveCfg = Debug|Win32
		{15398CEB-D2C2-351C-99AC-A8B019E93885}.Debug|Win32.Build.0 = Debug|Win32
		{15398CEB-D2C2-351C-99AC-A8B019E93885}.Release|Win32.ActiveCfg = Release|Win32
		{15398CEB-D2C2-351C-99AC-A8B019E93885}.Release|Win32.Build.0 = Release|Win32
		{15398CEB-D2C2-351C-99AC-A8B019E93885}.MinSizeRel|Win32.ActiveCfg = MinSizeRel|Win32
		{15398CEB-D2C2-351C-99AC-A8B019E93885}.MinSizeRel|Win32.Build.0 = MinSizeRel|Win32
		{15398CEB-D2C2-351C-99AC-A8B019E93885}.RelWithDebInfo|Win32.ActiveCfg = RelWithDebInfo|Win32
		{15398CEB-D2C2-351C-99AC-A8B019E93885}.RelWithDebInfo|Win32.Build.0 = RelWithDebInfo|Win32
		{4121565D-E6CD-35F5-9767-643C2CC1F7D9}.Debug|Win32.ActiveCfg = Debug|Win32
		{4121565D-E6CD-35F5-9767-643C2CC1F7D9}.Debug|Win32.Build.0 = Debug|Win32
		{4121565D-E6CD-35F5-9767-643C2CC1F7D9}.Release|Win32.ActiveCfg = Release|Win32
		{4121565D-E6CD-35F5-9767-643C2CC1F7D9}.Release|Win32.Build.0 = Release|Win32
		{4121565D-E6CD-35F5-9767-643C2CC1F7D9}.MinSizeRel|Win32.ActiveCfg = MinSizeRel|Win32
		{4121565D-E6CD-35F5-9767-643C2CC1F7D9}.MinSizeRel|Win32.Build.0 = MinSizeRel|Win32
		{4121565D-E6CD-35F5-9767-643C2CC1F7D9}.RelWithDebInfo|Win32.ActiveCfg = RelWithDebInfo|Win32
		{4121565D-E6CD-35F5-9767-643C2CC1F7D9}.RelWithDebInfo|Win32.Build.0 = RelWithDebInfo|Win32
	EndGlobalSection
	GlobalSection(NestedProjects) = preSolution
		{30B6C855-D137-3D06-BC71-BDAB81C30E9C} = {B76B045A-4E1F-3B84-B1DA-6C31D66BFA7D}
		{5D9FB788-CEE1-347F-82D4-FDC25C6DBAEB} = {B76B045A-4E1F-3B84-B1DA-6C31D66BFA7D}
		{3423D1DF-1E88-3CA5-936E-80758A176260} = {5368308F-8ED8-3AD8-BD5B-ACC7FDFBD4A1}
		{A9FC21DC-9D99-319A-B29B-5AD8AFDC6338} = {5368308F-8ED8-3AD8-BD5B-ACC7FDFBD4A1}
		{EDE3A9A4-A437-3DD8-A754-2BADA3D0BDE3} = {5368308F-8ED8-3AD8-BD5B-ACC7FDFBD4A1}
		{0A34BD91-EFD4-3C22-827E-537BEB3D8E8F} = {5368308F-8ED8-3AD8-BD5B-ACC7FDFBD4A1}
		{1DE62FEF-640F-3454-934B-EF2528BE7748} = {5368308F-8ED8-3AD8-BD5B-ACC7FDFBD4A1}
		{E1782E29-2C4D-3FDB-8632-E3EDD257CFC1} = {5368308F-8ED8-3AD8-BD5B-ACC7FDFBD4A1}
		{11CCFDC1-E762-3ED4-BD64-B73E8390581D} = {5368308F-8ED8-3AD8-BD5B-ACC7FDFBD4A1}
		{4C7A8B41-0D53-3D14-8B93-CDA275005358} = {5368308F-8ED8-3AD8-BD5B-ACC7FDFBD4A1}
		{8F3112E0-2A47-323A-9A76-37BD5D07BA2E} = {5368308F-8ED8-3AD8-BD5B-ACC7FDFBD4A1}
		{15398CEB-D2C2-351C-99AC-A8B019E93885} = {5368308F-8ED8-3AD8-BD5B-ACC7FDFBD4A1}
		{4121565D-E6CD-35F5-9767-643C2CC1F7D9} = {5368308F-8ED8-3AD8-BD5B-ACC7FDFBD4A1}
		{BF033730-7693-3B73-BFCC-83E16CE7F106} = {7BA06730-13BA-3DFA-9AB8-F34D6EBE67FE}
	EndGlobalSection
	GlobalSection(ExtensibilityGlobals) = postSolution
		SolutionGuid = {83B6EAF5-39E4-355C-B8CA-6F55B8014390}
	EndGlobalSection
	GlobalSection(ExtensibilityAddIns) = postSolution
	EndGlobalSection
EndGlobal
